
Microsoft Visual Studio Solution File, Format Version 12.00
# Visual Studio Version 17
VisualStudioVersion = 17.11.35327.3
MinimumVisualStudioVersion = 10.0.40219.1
Project("{9A19103F-16F7-4668-BE54-9A1E7A4F7556}") = "DataManagementSystem.Web", "DataManagementSystem.Web.csproj", "{B128FBF5-CD98-4C91-8113-BAA0515D913C}"
EndProject
Project("{FAE04EC0-301F-11D3-BF4B-00C04F79EFBC}") = "DataManagementSystem.API", "..\DataManagementSystem.API\DataManagementSystem.API.csproj", "{1CD3EF06-B194-4C67-984C-0718436B524E}"
EndProject
Project("{FAE04EC0-301F-11D3-BF4B-00C04F79EFBC}") = "DataManagementSystem.Domain", "..\DataManagementSystem.Domain\DataManagementSystem.Domain.csproj", "{AF5D88F3-A3F0-41D0-975E-C0C5D14BE2E6}"
EndProject
Project("{FAE04EC0-301F-11D3-BF4B-00C04F79EFBC}") = "DataManagementSystem.Infraestructure", "..\DataManagementSystem.Infraestructure\DataManagementSystem.Infraestructure.csproj", "{E6AA2791-454B-4B78-A219-F91AAF31BA75}"
EndProject
Project("{FAE04EC0-301F-11D3-BF4B-00C04F79EFBC}") = "DataManagementSystem.Application", "..\DataManagementSystem.Application\DataManagementSystem.Application.csproj", "{98B4DAD8-4256-4018-96D5-6D6816A3CAA2}"
EndProject
Global
	GlobalSection(SolutionConfigurationPlatforms) = preSolution
		Debug|Any CPU = Debug|Any CPU
		Release|Any CPU = Release|Any CPU
	EndGlobalSection
	GlobalSection(ProjectConfigurationPlatforms) = postSolution
		{B128FBF5-CD98-4C91-8113-BAA0515D913C}.Debug|Any CPU.ActiveCfg = Debug|Any CPU
		{B128FBF5-CD98-4C91-8113-BAA0515D913C}.Debug|Any CPU.Build.0 = Debug|Any CPU
		{B128FBF5-CD98-4C91-8113-BAA0515D913C}.Release|Any CPU.ActiveCfg = Release|Any CPU
		{B128FBF5-CD98-4C91-8113-BAA0515D913C}.Release|Any CPU.Build.0 = Release|Any CPU
		{1CD3EF06-B194-4C67-984C-0718436B524E}.Debug|Any CPU.ActiveCfg = Debug|Any CPU
		{1CD3EF06-B194-4C67-984C-0718436B524E}.Debug|Any CPU.Build.0 = Debug|Any CPU
		{1CD3EF06-B194-4C67-984C-0718436B524E}.Release|Any CPU.ActiveCfg = Release|Any CPU
		{1CD3EF06-B194-4C67-984C-0718436B524E}.Release|Any CPU.Build.0 = Release|Any CPU
		{AF5D88F3-A3F0-41D0-975E-C0C5D14BE2E6}.Debug|Any CPU.ActiveCfg = Debug|Any CPU
		{AF5D88F3-A3F0-41D0-975E-C0C5D14BE2E6}.Debug|Any CPU.Build.0 = Debug|Any CPU
		{AF5D88F3-A3F0-41D0-975E-C0C5D14BE2E6}.Release|Any CPU.ActiveCfg = Release|Any CPU
		{AF5D88F3-A3F0-41D0-975E-C0C5D14BE2E6}.Release|Any CPU.Build.0 = Release|Any CPU
		{E6AA2791-454B-4B78-A219-F91AAF31BA75}.Debug|Any CPU.ActiveCfg = Debug|Any CPU
		{E6AA2791-454B-4B78-A219-F91AAF31BA75}.Debug|Any CPU.Build.0 = Debug|Any CPU
		{E6AA2791-454B-4B78-A219-F91AAF31BA75}.Release|Any CPU.ActiveCfg = Release|Any CPU
		{E6AA2791-454B-4B78-A219-F91AAF31BA75}.Release|Any CPU.Build.0 = Release|Any CPU
		{98B4DAD8-4256-4018-96D5-6D6816A3CAA2}.Debug|Any CPU.ActiveCfg = Debug|Any CPU
		{98B4DAD8-4256-4018-96D5-6D6816A3CAA2}.Debug|Any CPU.Build.0 = Debug|Any CPU
		{98B4DAD8-4256-4018-96D5-6D6816A3CAA2}.Release|Any CPU.ActiveCfg = Release|Any CPU
		{98B4DAD8-4256-4018-96D5-6D6816A3CAA2}.Release|Any CPU.Build.0 = Release|Any CPU
	EndGlobalSection
	GlobalSection(SolutionProperties) = preSolution
		HideSolutionNode = FALSE
	EndGlobalSection
	GlobalSection(ExtensibilityGlobals) = postSolution
		SolutionGuid = {F15C9683-9F99-4C56-A573-F503970A3932}
	EndGlobalSection
EndGlobal
